
Microsoft Visual Studio Solution File, Format Version 12.00
# Visual Studio 15
VisualStudioVersion = 15.0.27130.2024
MinimumVisualStudioVersion = 10.0.40219.1
Project("{FAE04EC0-301F-11D3-BF4B-00C04F79EFBC}") = "CryptoTrader", "CryptoTrader\CryptoTrader.csproj", "{CF5D1F5A-1CFB-4708-BAA0-FC59376AFE73}"
EndProject
Project("{FAE04EC0-301F-11D3-BF4B-00C04F79EFBC}") = "KrakenClient", "KrakenClient\KrakenClient.csproj", "{6FD7A9D6-CE6D-4B57-BEBB-FAAF2490811E}"
EndProject
Project("{2150E333-8FDC-42A3-9474-1A3956D46DE8}") = "Solution Items", "Solution Items", "{7941AAB2-D119-416A-99E6-5EBED2BB46BF}"
	ProjectSection(SolutionItems) = preProject
		TextFile1.txt = TextFile1.txt
	EndProjectSection
EndProject
Global
	GlobalSection(SolutionConfigurationPlatforms) = preSolution
		Debug|Any CPU = Debug|Any CPU
		Release|Any CPU = Release|Any CPU
	EndGlobalSection
	GlobalSection(ProjectConfigurationPlatforms) = postSolution
		{CF5D1F5A-1CFB-4708-BAA0-FC59376AFE73}.Debug|Any CPU.ActiveCfg = Debug|Any CPU
		{CF5D1F5A-1CFB-4708-BAA0-FC59376AFE73}.Debug|Any CPU.Build.0 = Debug|Any CPU
		{CF5D1F5A-1CFB-4708-BAA0-FC59376AFE73}.Release|Any CPU.ActiveCfg = Release|Any CPU
		{CF5D1F5A-1CFB-4708-BAA0-FC59376AFE73}.Release|Any CPU.Build.0 = Release|Any CPU
		{6FD7A9D6-CE6D-4B57-BEBB-FAAF2490811E}.Debug|Any CPU.ActiveCfg = Debug|Any CPU
		{6FD7A9D6-CE6D-4B57-BEBB-FAAF2490811E}.Debug|Any CPU.Build.0 = Debug|Any CPU
		{6FD7A9D6-CE6D-4B57-BEBB-FAAF2490811E}.Release|Any CPU.ActiveCfg = Release|Any CPU
		{6FD7A9D6-CE6D-4B57-BEBB-FAAF2490811E}.Release|Any CPU.Build.0 = Release|Any CPU
	EndGlobalSection
	GlobalSection(SolutionProperties) = preSolution
		HideSolutionNode = FALSE
	EndGlobalSection
	GlobalSection(ExtensibilityGlobals) = postSolution
		SolutionGuid = {C74038AF-CD3D-4010-8703-EFA47E8CBB39}
	EndGlobalSection
EndGlobal
